// !$*UTF8*$!
{
	archiveVersion = 1;
	classes = {
	};
	objectVersion = 52;
	objects = {

/* Begin PBXBuildFile section */
		F706047326F27F8500A9C64D /* NotificationUtil.swift in Sources */ = {isa = PBXBuildFile; fileRef = F706047226F27F8500A9C64D /* NotificationUtil.swift */; };
		F706047B26F3A11B00A9C64D /* NotificationService.swift in Sources */ = {isa = PBXBuildFile; fileRef = F706047A26F3A11B00A9C64D /* NotificationService.swift */; };
		F706047F26F3A11B00A9C64D /* Notification Service.appex in Embed App Extensions */ = {isa = PBXBuildFile; fileRef = F706047826F3A11B00A9C64D /* Notification Service.appex */; settings = {ATTRIBUTES = (RemoveHeadersOnCopy, ); }; };
		F706048426F3A31B00A9C64D /* AutoDependencyInjection.generated.swift in Sources */ = {isa = PBXBuildFile; fileRef = F7135AF826D7D89A0072D044 /* AutoDependencyInjection.generated.swift */; };
		F706048526F3A3B800A9C64D /* UserManager.swift in Sources */ = {isa = PBXBuildFile; fileRef = F76F020226F253CA00F16589 /* UserManager.swift */; };
		F706048626F3A3B800A9C64D /* Profile.swift in Sources */ = {isa = PBXBuildFile; fileRef = F7A3960B26D7F32400047DFA /* Profile.swift */; };
		F706048726F3A3C300A9C64D /* StringExtensions.swift in Sources */ = {isa = PBXBuildFile; fileRef = F7A3960826D7E71000047DFA /* StringExtensions.swift */; };
		F706048826F3A3C300A9C64D /* AutoMockable.generated.swift in Sources */ = {isa = PBXBuildFile; fileRef = F7135AF926D7D89A0072D044 /* AutoMockable.generated.swift */; };
		F706048926F3A3C300A9C64D /* Autogenerated.swift in Sources */ = {isa = PBXBuildFile; fileRef = F7135AFA26D7D89A0072D044 /* Autogenerated.swift */; };
		F706048A26F3A3C300A9C64D /* AutoLenses.generated.swift in Sources */ = {isa = PBXBuildFile; fileRef = F7135AF726D7D89A0072D044 /* AutoLenses.generated.swift */; };
		F706048B26F3A3C300A9C64D /* DIDependencies.swift in Sources */ = {isa = PBXBuildFile; fileRef = F7135B0026D7D96F0072D044 /* DIDependencies.swift */; };
		F706048C26F3A3CD00A9C64D /* DeveloperError.swift in Sources */ = {isa = PBXBuildFile; fileRef = F7135AF426D7B97B0072D044 /* DeveloperError.swift */; };
		F706048D26F3A3CD00A9C64D /* MessageError.swift in Sources */ = {isa = PBXBuildFile; fileRef = F7135AF226D7B8B20072D044 /* MessageError.swift */; };
		F706048E26F3A3CD00A9C64D /* HumanReadableError.swift in Sources */ = {isa = PBXBuildFile; fileRef = F7135AEE26D7B5D50072D044 /* HumanReadableError.swift */; };
		F706048F26F3A3CD00A9C64D /* UserDefaultKeys.swift in Sources */ = {isa = PBXBuildFile; fileRef = F76F020426F2548300F16589 /* UserDefaultKeys.swift */; };
		F706049026F3A3CD00A9C64D /* ProfileRepository.swift in Sources */ = {isa = PBXBuildFile; fileRef = F7135AE826D7B41A0072D044 /* ProfileRepository.swift */; };
		F706049126F3A3CD00A9C64D /* CustomerIOErrorUtil.swift in Sources */ = {isa = PBXBuildFile; fileRef = F7135AEB26D7B5360072D044 /* CustomerIOErrorUtil.swift */; };
		F706049226F3A3CD00A9C64D /* Logger.swift in Sources */ = {isa = PBXBuildFile; fileRef = F7135AF026D7B7BE0072D044 /* Logger.swift */; };
		F706049326F3A3CD00A9C64D /* NotificationUtil.swift in Sources */ = {isa = PBXBuildFile; fileRef = F706047226F27F8500A9C64D /* NotificationUtil.swift */; };
		F706049426F3A3D200A9C64D /* ProfileViewModel.swift in Sources */ = {isa = PBXBuildFile; fileRef = F7135AE526D6E30F0072D044 /* ProfileViewModel.swift */; };
		F706049526F3A3DD00A9C64D /* Env.swift in Sources */ = {isa = PBXBuildFile; fileRef = F7A3960526D7E22C00047DFA /* Env.swift */; };
		F7135AE126D6E0D80072D044 /* AppDelegateAPN.swift in Sources */ = {isa = PBXBuildFile; fileRef = F7135AE026D6E0D80072D044 /* AppDelegateAPN.swift */; };
		F7135AE626D6E30F0072D044 /* ProfileViewModel.swift in Sources */ = {isa = PBXBuildFile; fileRef = F7135AE526D6E30F0072D044 /* ProfileViewModel.swift */; };
		F7135AE926D7B41A0072D044 /* ProfileRepository.swift in Sources */ = {isa = PBXBuildFile; fileRef = F7135AE826D7B41A0072D044 /* ProfileRepository.swift */; };
		F7135AEC26D7B5360072D044 /* CustomerIOErrorUtil.swift in Sources */ = {isa = PBXBuildFile; fileRef = F7135AEB26D7B5360072D044 /* CustomerIOErrorUtil.swift */; };
		F7135AEF26D7B5D50072D044 /* HumanReadableError.swift in Sources */ = {isa = PBXBuildFile; fileRef = F7135AEE26D7B5D50072D044 /* HumanReadableError.swift */; };
		F7135AF126D7B7BE0072D044 /* Logger.swift in Sources */ = {isa = PBXBuildFile; fileRef = F7135AF026D7B7BE0072D044 /* Logger.swift */; };
		F7135AF326D7B8B20072D044 /* MessageError.swift in Sources */ = {isa = PBXBuildFile; fileRef = F7135AF226D7B8B20072D044 /* MessageError.swift */; };
		F7135AF526D7B97B0072D044 /* DeveloperError.swift in Sources */ = {isa = PBXBuildFile; fileRef = F7135AF426D7B97B0072D044 /* DeveloperError.swift */; };
		F7135AFB26D7D89A0072D044 /* AutoLenses.generated.swift in Sources */ = {isa = PBXBuildFile; fileRef = F7135AF726D7D89A0072D044 /* AutoLenses.generated.swift */; };
		F7135AFC26D7D89A0072D044 /* AutoDependencyInjection.generated.swift in Sources */ = {isa = PBXBuildFile; fileRef = F7135AF826D7D89A0072D044 /* AutoDependencyInjection.generated.swift */; };
		F7135AFD26D7D89A0072D044 /* AutoMockable.generated.swift in Sources */ = {isa = PBXBuildFile; fileRef = F7135AF926D7D89A0072D044 /* AutoMockable.generated.swift */; };
		F7135AFE26D7D89A0072D044 /* Autogenerated.swift in Sources */ = {isa = PBXBuildFile; fileRef = F7135AFA26D7D89A0072D044 /* Autogenerated.swift */; };
		F7135B0126D7D96F0072D044 /* DIDependencies.swift in Sources */ = {isa = PBXBuildFile; fileRef = F7135B0026D7D96F0072D044 /* DIDependencies.swift */; };
		F743FEFA26F3A46300604456 /* MessagingPushAPN in Frameworks */ = {isa = PBXBuildFile; productRef = F743FEF926F3A46300604456 /* MessagingPushAPN */; };
		F743FEFC26F3A46300604456 /* Tracking in Frameworks */ = {isa = PBXBuildFile; productRef = F743FEFB26F3A46300604456 /* Tracking */; };
		F74D93E126FE3A4C0037E06C /* AppDelegateFCM.swift in Sources */ = {isa = PBXBuildFile; fileRef = F74D93E026FE3A4C0037E06C /* AppDelegateFCM.swift */; };
		F74D93E326FE3A590037E06C /* MessagingPushFCM in Frameworks */ = {isa = PBXBuildFile; productRef = F74D93E226FE3A590037E06C /* MessagingPushFCM */; };
		F751BAE926DD292B00ACB572 /* ViewExtension.swift in Sources */ = {isa = PBXBuildFile; fileRef = F751BAE826DD292B00ACB572 /* ViewExtension.swift */; };
		F76F01FF26F1421600F16589 /* MessagingPushAPN in Frameworks */ = {isa = PBXBuildFile; productRef = F76F01FE26F1421600F16589 /* MessagingPushAPN */; };
		F76F020326F253CA00F16589 /* UserManager.swift in Sources */ = {isa = PBXBuildFile; fileRef = F76F020226F253CA00F16589 /* UserManager.swift */; };
		F76F020526F2548300F16589 /* UserDefaultKeys.swift in Sources */ = {isa = PBXBuildFile; fileRef = F76F020426F2548300F16589 /* UserDefaultKeys.swift */; };
		F77512C126332F8200805CD4 /* RemoteHabitsApp.swift in Sources */ = {isa = PBXBuildFile; fileRef = F77512C026332F8200805CD4 /* RemoteHabitsApp.swift */; };
		F77512C326332F8200805CD4 /* ContentView.swift in Sources */ = {isa = PBXBuildFile; fileRef = F77512C226332F8200805CD4 /* ContentView.swift */; };
		F77512C526332F8400805CD4 /* Assets.xcassets in Resources */ = {isa = PBXBuildFile; fileRef = F77512C426332F8400805CD4 /* Assets.xcassets */; };
		F77512C826332F8400805CD4 /* Preview Assets.xcassets in Resources */ = {isa = PBXBuildFile; fileRef = F77512C726332F8400805CD4 /* Preview Assets.xcassets */; };
		F77512D326332F8400805CD4 /* Remote_HabitsTests.swift in Sources */ = {isa = PBXBuildFile; fileRef = F77512D226332F8400805CD4 /* Remote_HabitsTests.swift */; };
		F77512DE26332F8400805CD4 /* Remote_HabitsUITests.swift in Sources */ = {isa = PBXBuildFile; fileRef = F77512DD26332F8400805CD4 /* Remote_HabitsUITests.swift */; };
		F7A3960626D7E22C00047DFA /* Env.swift in Sources */ = {isa = PBXBuildFile; fileRef = F7A3960526D7E22C00047DFA /* Env.swift */; };
		F7A3960926D7E71000047DFA /* StringExtensions.swift in Sources */ = {isa = PBXBuildFile; fileRef = F7A3960826D7E71000047DFA /* StringExtensions.swift */; };
		F7A3960C26D7F32400047DFA /* Profile.swift in Sources */ = {isa = PBXBuildFile; fileRef = F7A3960B26D7F32400047DFA /* Profile.swift */; };
		F7CDBB0227332BB200B4D91F /* (null) in Resources */ = {isa = PBXBuildFile; };
		F7D1AD5F26D95E9000FDD423 /* Tracking in Frameworks */ = {isa = PBXBuildFile; productRef = F7D1AD5E26D95E9000FDD423 /* Tracking */; };
		F7E9FABC26E7C564003F4187 /* FirebaseCrashlytics in Frameworks */ = {isa = PBXBuildFile; productRef = F7E9FABB26E7C564003F4187 /* FirebaseCrashlytics */; };
		F7E9FABE26E7CA58003F4187 /* GoogleService-Info.plist in Resources */ = {isa = PBXBuildFile; fileRef = F7E9FABD26E7CA58003F4187 /* GoogleService-Info.plist */; };
/* End PBXBuildFile section */

/* Begin PBXContainerItemProxy section */
		F706047D26F3A11B00A9C64D /* PBXContainerItemProxy */ = {
			isa = PBXContainerItemProxy;
			containerPortal = F77512B526332F8200805CD4 /* Project object */;
			proxyType = 1;
			remoteGlobalIDString = F706047726F3A11B00A9C64D;
			remoteInfo = "Notification Service";
		};
		F77512CF26332F8400805CD4 /* PBXContainerItemProxy */ = {
			isa = PBXContainerItemProxy;
			containerPortal = F77512B526332F8200805CD4 /* Project object */;
			proxyType = 1;
			remoteGlobalIDString = F77512BC26332F8200805CD4;
			remoteInfo = "Remote Habits";
		};
		F77512DA26332F8400805CD4 /* PBXContainerItemProxy */ = {
			isa = PBXContainerItemProxy;
			containerPortal = F77512B526332F8200805CD4 /* Project object */;
			proxyType = 1;
			remoteGlobalIDString = F77512BC26332F8200805CD4;
			remoteInfo = "Remote Habits";
		};
/* End PBXContainerItemProxy section */

/* Begin PBXCopyFilesBuildPhase section */
		F706048026F3A11B00A9C64D /* Embed App Extensions */ = {
			isa = PBXCopyFilesBuildPhase;
			buildActionMask = 2147483647;
			dstPath = "";
			dstSubfolderSpec = 13;
			files = (
				F706047F26F3A11B00A9C64D /* Notification Service.appex in Embed App Extensions */,
			);
			name = "Embed App Extensions";
			runOnlyForDeploymentPostprocessing = 0;
		};
/* End PBXCopyFilesBuildPhase section */

/* Begin PBXFileReference section */
		F706047226F27F8500A9C64D /* NotificationUtil.swift */ = {isa = PBXFileReference; lastKnownFileType = sourcecode.swift; path = NotificationUtil.swift; sourceTree = "<group>"; };
		F706047826F3A11B00A9C64D /* Notification Service.appex */ = {isa = PBXFileReference; explicitFileType = "wrapper.app-extension"; includeInIndex = 0; path = "Notification Service.appex"; sourceTree = BUILT_PRODUCTS_DIR; };
		F706047A26F3A11B00A9C64D /* NotificationService.swift */ = {isa = PBXFileReference; lastKnownFileType = sourcecode.swift; path = NotificationService.swift; sourceTree = "<group>"; };
		F706047C26F3A11B00A9C64D /* Info.plist */ = {isa = PBXFileReference; lastKnownFileType = text.plist.xml; path = Info.plist; sourceTree = "<group>"; };
		F7135AE026D6E0D80072D044 /* AppDelegateAPN.swift */ = {isa = PBXFileReference; lastKnownFileType = sourcecode.swift; path = AppDelegateAPN.swift; sourceTree = "<group>"; };
		F7135AE526D6E30F0072D044 /* ProfileViewModel.swift */ = {isa = PBXFileReference; lastKnownFileType = sourcecode.swift; path = ProfileViewModel.swift; sourceTree = "<group>"; };
		F7135AE826D7B41A0072D044 /* ProfileRepository.swift */ = {isa = PBXFileReference; lastKnownFileType = sourcecode.swift; path = ProfileRepository.swift; sourceTree = "<group>"; };
		F7135AEB26D7B5360072D044 /* CustomerIOErrorUtil.swift */ = {isa = PBXFileReference; lastKnownFileType = sourcecode.swift; path = CustomerIOErrorUtil.swift; sourceTree = "<group>"; };
		F7135AEE26D7B5D50072D044 /* HumanReadableError.swift */ = {isa = PBXFileReference; lastKnownFileType = sourcecode.swift; path = HumanReadableError.swift; sourceTree = "<group>"; };
		F7135AF026D7B7BE0072D044 /* Logger.swift */ = {isa = PBXFileReference; lastKnownFileType = sourcecode.swift; path = Logger.swift; sourceTree = "<group>"; };
		F7135AF226D7B8B20072D044 /* MessageError.swift */ = {isa = PBXFileReference; lastKnownFileType = sourcecode.swift; path = MessageError.swift; sourceTree = "<group>"; };
		F7135AF426D7B97B0072D044 /* DeveloperError.swift */ = {isa = PBXFileReference; lastKnownFileType = sourcecode.swift; path = DeveloperError.swift; sourceTree = "<group>"; };
		F7135AF726D7D89A0072D044 /* AutoLenses.generated.swift */ = {isa = PBXFileReference; fileEncoding = 4; lastKnownFileType = sourcecode.swift; path = AutoLenses.generated.swift; sourceTree = "<group>"; };
		F7135AF826D7D89A0072D044 /* AutoDependencyInjection.generated.swift */ = {isa = PBXFileReference; fileEncoding = 4; lastKnownFileType = sourcecode.swift; path = AutoDependencyInjection.generated.swift; sourceTree = "<group>"; };
		F7135AF926D7D89A0072D044 /* AutoMockable.generated.swift */ = {isa = PBXFileReference; fileEncoding = 4; lastKnownFileType = sourcecode.swift; path = AutoMockable.generated.swift; sourceTree = "<group>"; };
		F7135AFA26D7D89A0072D044 /* Autogenerated.swift */ = {isa = PBXFileReference; fileEncoding = 4; lastKnownFileType = sourcecode.swift; path = Autogenerated.swift; sourceTree = "<group>"; };
		F7135B0026D7D96F0072D044 /* DIDependencies.swift */ = {isa = PBXFileReference; lastKnownFileType = sourcecode.swift; path = DIDependencies.swift; sourceTree = "<group>"; };
		F74D93E026FE3A4C0037E06C /* AppDelegateFCM.swift */ = {isa = PBXFileReference; lastKnownFileType = sourcecode.swift; path = AppDelegateFCM.swift; sourceTree = "<group>"; };
		F751BAE826DD292B00ACB572 /* ViewExtension.swift */ = {isa = PBXFileReference; lastKnownFileType = sourcecode.swift; path = ViewExtension.swift; sourceTree = "<group>"; };
		F76F020026F147FD00F16589 /* Remote Habits.entitlements */ = {isa = PBXFileReference; lastKnownFileType = text.plist.entitlements; path = "Remote Habits.entitlements"; sourceTree = "<group>"; };
		F76F020226F253CA00F16589 /* UserManager.swift */ = {isa = PBXFileReference; lastKnownFileType = sourcecode.swift; path = UserManager.swift; sourceTree = "<group>"; };
		F76F020426F2548300F16589 /* UserDefaultKeys.swift */ = {isa = PBXFileReference; lastKnownFileType = sourcecode.swift; path = UserDefaultKeys.swift; sourceTree = "<group>"; };
		F77512BD26332F8200805CD4 /* Remote Habits.app */ = {isa = PBXFileReference; explicitFileType = wrapper.application; includeInIndex = 0; path = "Remote Habits.app"; sourceTree = BUILT_PRODUCTS_DIR; };
		F77512C026332F8200805CD4 /* RemoteHabitsApp.swift */ = {isa = PBXFileReference; lastKnownFileType = sourcecode.swift; path = RemoteHabitsApp.swift; sourceTree = "<group>"; };
		F77512C226332F8200805CD4 /* ContentView.swift */ = {isa = PBXFileReference; lastKnownFileType = sourcecode.swift; path = ContentView.swift; sourceTree = "<group>"; };
		F77512C426332F8400805CD4 /* Assets.xcassets */ = {isa = PBXFileReference; lastKnownFileType = folder.assetcatalog; path = Assets.xcassets; sourceTree = "<group>"; };
		F77512C726332F8400805CD4 /* Preview Assets.xcassets */ = {isa = PBXFileReference; lastKnownFileType = folder.assetcatalog; path = "Preview Assets.xcassets"; sourceTree = "<group>"; };
		F77512C926332F8400805CD4 /* Info.plist */ = {isa = PBXFileReference; lastKnownFileType = text.plist.xml; path = Info.plist; sourceTree = "<group>"; };
		F77512CE26332F8400805CD4 /* Remote HabitsTests.xctest */ = {isa = PBXFileReference; explicitFileType = wrapper.cfbundle; includeInIndex = 0; path = "Remote HabitsTests.xctest"; sourceTree = BUILT_PRODUCTS_DIR; };
		F77512D226332F8400805CD4 /* Remote_HabitsTests.swift */ = {isa = PBXFileReference; lastKnownFileType = sourcecode.swift; path = Remote_HabitsTests.swift; sourceTree = "<group>"; };
		F77512D426332F8400805CD4 /* Info.plist */ = {isa = PBXFileReference; lastKnownFileType = text.plist.xml; path = Info.plist; sourceTree = "<group>"; };
		F77512D926332F8400805CD4 /* Remote HabitsUITests.xctest */ = {isa = PBXFileReference; explicitFileType = wrapper.cfbundle; includeInIndex = 0; path = "Remote HabitsUITests.xctest"; sourceTree = BUILT_PRODUCTS_DIR; };
		F77512DD26332F8400805CD4 /* Remote_HabitsUITests.swift */ = {isa = PBXFileReference; lastKnownFileType = sourcecode.swift; path = Remote_HabitsUITests.swift; sourceTree = "<group>"; };
		F77512DF26332F8400805CD4 /* Info.plist */ = {isa = PBXFileReference; lastKnownFileType = text.plist.xml; path = Info.plist; sourceTree = "<group>"; };
		F7A3960526D7E22C00047DFA /* Env.swift */ = {isa = PBXFileReference; lastKnownFileType = sourcecode.swift; path = Env.swift; sourceTree = "<group>"; };
		F7A3960826D7E71000047DFA /* StringExtensions.swift */ = {isa = PBXFileReference; lastKnownFileType = sourcecode.swift; path = StringExtensions.swift; sourceTree = "<group>"; };
		F7A3960B26D7F32400047DFA /* Profile.swift */ = {isa = PBXFileReference; lastKnownFileType = sourcecode.swift; path = Profile.swift; sourceTree = "<group>"; };
		F7B782712745AAA20037CC90 /* customerio-ios */ = {isa = PBXFileReference; lastKnownFileType = folder; name = "customerio-ios"; path = "../customerio-ios"; sourceTree = "<group>"; };
		F7E9FABD26E7CA58003F4187 /* GoogleService-Info.plist */ = {isa = PBXFileReference; fileEncoding = 4; lastKnownFileType = text.plist.xml; path = "GoogleService-Info.plist"; sourceTree = "<group>"; };
/* End PBXFileReference section */

/* Begin PBXFrameworksBuildPhase section */
		F706047526F3A11B00A9C64D /* Frameworks */ = {
			isa = PBXFrameworksBuildPhase;
			buildActionMask = 2147483647;
			files = (
				F743FEFA26F3A46300604456 /* MessagingPushAPN in Frameworks */,
				F743FEFC26F3A46300604456 /* Tracking in Frameworks */,
			);
			runOnlyForDeploymentPostprocessing = 0;
		};
		F77512BA26332F8200805CD4 /* Frameworks */ = {
			isa = PBXFrameworksBuildPhase;
			buildActionMask = 2147483647;
			files = (
				F76F01FF26F1421600F16589 /* MessagingPushAPN in Frameworks */,
				F7D1AD5F26D95E9000FDD423 /* Tracking in Frameworks */,
				F7E9FABC26E7C564003F4187 /* FirebaseCrashlytics in Frameworks */,
				F74D93E326FE3A590037E06C /* MessagingPushFCM in Frameworks */,
			);
			runOnlyForDeploymentPostprocessing = 0;
		};
		F77512CB26332F8400805CD4 /* Frameworks */ = {
			isa = PBXFrameworksBuildPhase;
			buildActionMask = 2147483647;
			files = (
			);
			runOnlyForDeploymentPostprocessing = 0;
		};
		F77512D626332F8400805CD4 /* Frameworks */ = {
			isa = PBXFrameworksBuildPhase;
			buildActionMask = 2147483647;
			files = (
			);
			runOnlyForDeploymentPostprocessing = 0;
		};
/* End PBXFrameworksBuildPhase section */

/* Begin PBXGroup section */
		F706047926F3A11B00A9C64D /* Notification Service */ = {
			isa = PBXGroup;
			children = (
				F706047A26F3A11B00A9C64D /* NotificationService.swift */,
				F706047C26F3A11B00A9C64D /* Info.plist */,
			);
			path = "Notification Service";
			sourceTree = "<group>";
		};
		F7135AE426D6E2E10072D044 /* ViewModel */ = {
			isa = PBXGroup;
			children = (
				F7135AE526D6E30F0072D044 /* ProfileViewModel.swift */,
			);
			path = ViewModel;
			sourceTree = "<group>";
		};
		F7135AE726D7B40A0072D044 /* Repository */ = {
			isa = PBXGroup;
			children = (
				F7135AE826D7B41A0072D044 /* ProfileRepository.swift */,
			);
			path = Repository;
			sourceTree = "<group>";
		};
		F7135AEA26D7B5280072D044 /* Util */ = {
			isa = PBXGroup;
			children = (
				F7135AEB26D7B5360072D044 /* CustomerIOErrorUtil.swift */,
				F7135AF026D7B7BE0072D044 /* Logger.swift */,
				F76F020426F2548300F16589 /* UserDefaultKeys.swift */,
				F706047226F27F8500A9C64D /* NotificationUtil.swift */,
			);
			path = Util;
			sourceTree = "<group>";
		};
		F7135AED26D7B5CA0072D044 /* Error */ = {
			isa = PBXGroup;
			children = (
				F7135AEE26D7B5D50072D044 /* HumanReadableError.swift */,
				F7135AF226D7B8B20072D044 /* MessageError.swift */,
				F7135AF426D7B97B0072D044 /* DeveloperError.swift */,
			);
			path = Error;
			sourceTree = "<group>";
		};
		F7135AF626D7D89A0072D044 /* autogenerated */ = {
			isa = PBXGroup;
			children = (
				F7135AF726D7D89A0072D044 /* AutoLenses.generated.swift */,
				F7135AF826D7D89A0072D044 /* AutoDependencyInjection.generated.swift */,
				F7135AF926D7D89A0072D044 /* AutoMockable.generated.swift */,
				F7135AFA26D7D89A0072D044 /* Autogenerated.swift */,
				F7135B0026D7D96F0072D044 /* DIDependencies.swift */,
			);
			path = autogenerated;
			sourceTree = "<group>";
		};
		F76F020126F253C000F16589 /* Manager */ = {
			isa = PBXGroup;
			children = (
				F76F020226F253CA00F16589 /* UserManager.swift */,
			);
			path = Manager;
			sourceTree = "<group>";
		};
		F77512B426332F8200805CD4 = {
			isa = PBXGroup;
			children = (
				F7B782712745AAA20037CC90 /* customerio-ios */,
				F77512BF26332F8200805CD4 /* Remote Habits */,
				F77512D126332F8400805CD4 /* Remote HabitsTests */,
				F77512DC26332F8400805CD4 /* Remote HabitsUITests */,
				F706047926F3A11B00A9C64D /* Notification Service */,
				F77512BE26332F8200805CD4 /* Products */,
				F7D1AD5D26D95E9000FDD423 /* Frameworks */,
			);
			sourceTree = "<group>";
		};
		F77512BE26332F8200805CD4 /* Products */ = {
			isa = PBXGroup;
			children = (
				F77512BD26332F8200805CD4 /* Remote Habits.app */,
				F77512CE26332F8400805CD4 /* Remote HabitsTests.xctest */,
				F77512D926332F8400805CD4 /* Remote HabitsUITests.xctest */,
				F706047826F3A11B00A9C64D /* Notification Service.appex */,
			);
			name = Products;
			sourceTree = "<group>";
		};
		F77512BF26332F8200805CD4 /* Remote Habits */ = {
			isa = PBXGroup;
			children = (
				F76F020126F253C000F16589 /* Manager */,
				F76F020026F147FD00F16589 /* Remote Habits.entitlements */,
				F7A3960A26D7F31900047DFA /* Model */,
				F7A3960726D7E70300047DFA /* Extension */,
				F7135AF626D7D89A0072D044 /* autogenerated */,
				F7135AED26D7B5CA0072D044 /* Error */,
				F7135AEA26D7B5280072D044 /* Util */,
				F7135AE726D7B40A0072D044 /* Repository */,
				F7135AE426D6E2E10072D044 /* ViewModel */,
				F77512C026332F8200805CD4 /* RemoteHabitsApp.swift */,
				F77512C226332F8200805CD4 /* ContentView.swift */,
				F77512C426332F8400805CD4 /* Assets.xcassets */,
				F7E9FABD26E7CA58003F4187 /* GoogleService-Info.plist */,
				F77512C926332F8400805CD4 /* Info.plist */,
				F77512C626332F8400805CD4 /* Preview Content */,
				F7135AE026D6E0D80072D044 /* AppDelegateAPN.swift */,
				F7A3960526D7E22C00047DFA /* Env.swift */,
				F74D93E026FE3A4C0037E06C /* AppDelegateFCM.swift */,
			);
			path = "Remote Habits";
			sourceTree = "<group>";
		};
		F77512C626332F8400805CD4 /* Preview Content */ = {
			isa = PBXGroup;
			children = (
				F77512C726332F8400805CD4 /* Preview Assets.xcassets */,
			);
			path = "Preview Content";
			sourceTree = "<group>";
		};
		F77512D126332F8400805CD4 /* Remote HabitsTests */ = {
			isa = PBXGroup;
			children = (
				F77512D226332F8400805CD4 /* Remote_HabitsTests.swift */,
				F77512D426332F8400805CD4 /* Info.plist */,
			);
			path = "Remote HabitsTests";
			sourceTree = "<group>";
		};
		F77512DC26332F8400805CD4 /* Remote HabitsUITests */ = {
			isa = PBXGroup;
			children = (
				F77512DD26332F8400805CD4 /* Remote_HabitsUITests.swift */,
				F77512DF26332F8400805CD4 /* Info.plist */,
			);
			path = "Remote HabitsUITests";
			sourceTree = "<group>";
		};
		F7A3960726D7E70300047DFA /* Extension */ = {
			isa = PBXGroup;
			children = (
				F7A3960826D7E71000047DFA /* StringExtensions.swift */,
				F751BAE826DD292B00ACB572 /* ViewExtension.swift */,
			);
			path = Extension;
			sourceTree = "<group>";
		};
		F7A3960A26D7F31900047DFA /* Model */ = {
			isa = PBXGroup;
			children = (
				F7A3960B26D7F32400047DFA /* Profile.swift */,
			);
			path = Model;
			sourceTree = "<group>";
		};
		F7D1AD5D26D95E9000FDD423 /* Frameworks */ = {
			isa = PBXGroup;
			children = (
			);
			name = Frameworks;
			sourceTree = "<group>";
		};
/* End PBXGroup section */

/* Begin PBXNativeTarget section */
		F706047726F3A11B00A9C64D /* Notification Service */ = {
			isa = PBXNativeTarget;
			buildConfigurationList = F706048326F3A11B00A9C64D /* Build configuration list for PBXNativeTarget "Notification Service" */;
			buildPhases = (
				F706047426F3A11B00A9C64D /* Sources */,
				F706047526F3A11B00A9C64D /* Frameworks */,
				F706047626F3A11B00A9C64D /* Resources */,
			);
			buildRules = (
			);
			dependencies = (
			);
			name = "Notification Service";
			packageProductDependencies = (
				F743FEF926F3A46300604456 /* MessagingPushAPN */,
				F743FEFB26F3A46300604456 /* Tracking */,
			);
			productName = "Notification Service";
			productReference = F706047826F3A11B00A9C64D /* Notification Service.appex */;
			productType = "com.apple.product-type.app-extension";
		};
		F77512BC26332F8200805CD4 /* Remote Habits */ = {
			isa = PBXNativeTarget;
			buildConfigurationList = F77512E226332F8400805CD4 /* Build configuration list for PBXNativeTarget "Remote Habits" */;
			buildPhases = (
				F77512B926332F8200805CD4 /* Sources */,
				F77512BA26332F8200805CD4 /* Frameworks */,
				F77512BB26332F8200805CD4 /* Resources */,
				F706048026F3A11B00A9C64D /* Embed App Extensions */,
			);
			buildRules = (
			);
			dependencies = (
				F706047E26F3A11B00A9C64D /* PBXTargetDependency */,
			);
			name = "Remote Habits";
			packageProductDependencies = (
				F7D1AD5E26D95E9000FDD423 /* Tracking */,
				F7E9FABB26E7C564003F4187 /* FirebaseCrashlytics */,
				F76F01FE26F1421600F16589 /* MessagingPushAPN */,
				F74D93E226FE3A590037E06C /* MessagingPushFCM */,
			);
			productName = "Remote Habits";
			productReference = F77512BD26332F8200805CD4 /* Remote Habits.app */;
			productType = "com.apple.product-type.application";
		};
		F77512CD26332F8400805CD4 /* Remote HabitsTests */ = {
			isa = PBXNativeTarget;
			buildConfigurationList = F77512E526332F8400805CD4 /* Build configuration list for PBXNativeTarget "Remote HabitsTests" */;
			buildPhases = (
				F77512CA26332F8400805CD4 /* Sources */,
				F77512CB26332F8400805CD4 /* Frameworks */,
				F77512CC26332F8400805CD4 /* Resources */,
			);
			buildRules = (
			);
			dependencies = (
				F77512D026332F8400805CD4 /* PBXTargetDependency */,
			);
			name = "Remote HabitsTests";
			productName = "Remote HabitsTests";
			productReference = F77512CE26332F8400805CD4 /* Remote HabitsTests.xctest */;
			productType = "com.apple.product-type.bundle.unit-test";
		};
		F77512D826332F8400805CD4 /* Remote HabitsUITests */ = {
			isa = PBXNativeTarget;
			buildConfigurationList = F77512E826332F8400805CD4 /* Build configuration list for PBXNativeTarget "Remote HabitsUITests" */;
			buildPhases = (
				F77512D526332F8400805CD4 /* Sources */,
				F77512D626332F8400805CD4 /* Frameworks */,
				F77512D726332F8400805CD4 /* Resources */,
			);
			buildRules = (
			);
			dependencies = (
				F77512DB26332F8400805CD4 /* PBXTargetDependency */,
			);
			name = "Remote HabitsUITests";
			productName = "Remote HabitsUITests";
			productReference = F77512D926332F8400805CD4 /* Remote HabitsUITests.xctest */;
			productType = "com.apple.product-type.bundle.ui-testing";
		};
/* End PBXNativeTarget section */

/* Begin PBXProject section */
		F77512B526332F8200805CD4 /* Project object */ = {
			isa = PBXProject;
			attributes = {
				LastSwiftUpdateCheck = 1250;
				LastUpgradeCheck = 1240;
				TargetAttributes = {
					F706047726F3A11B00A9C64D = {
						CreatedOnToolsVersion = 12.5.1;
					};
					F77512BC26332F8200805CD4 = {
						CreatedOnToolsVersion = 12.4;
					};
					F77512CD26332F8400805CD4 = {
						CreatedOnToolsVersion = 12.4;
						TestTargetID = F77512BC26332F8200805CD4;
					};
					F77512D826332F8400805CD4 = {
						CreatedOnToolsVersion = 12.4;
						TestTargetID = F77512BC26332F8200805CD4;
					};
				};
			};
			buildConfigurationList = F77512B826332F8200805CD4 /* Build configuration list for PBXProject "Remote Habits" */;
			compatibilityVersion = "Xcode 9.3";
			developmentRegion = en;
			hasScannedForEncodings = 0;
			knownRegions = (
				en,
				Base,
			);
			mainGroup = F77512B426332F8200805CD4;
			packageReferences = (
				F7135ADD26D6DE560072D044 /* XCRemoteSwiftPackageReference "customerio-ios" */,
				F7E9FABA26E7C564003F4187 /* XCRemoteSwiftPackageReference "firebase-ios-sdk" */,
			);
			productRefGroup = F77512BE26332F8200805CD4 /* Products */;
			projectDirPath = "";
			projectRoot = "";
			targets = (
				F77512BC26332F8200805CD4 /* Remote Habits */,
				F77512CD26332F8400805CD4 /* Remote HabitsTests */,
				F77512D826332F8400805CD4 /* Remote HabitsUITests */,
				F706047726F3A11B00A9C64D /* Notification Service */,
			);
		};
/* End PBXProject section */

/* Begin PBXResourcesBuildPhase section */
		F706047626F3A11B00A9C64D /* Resources */ = {
			isa = PBXResourcesBuildPhase;
			buildActionMask = 2147483647;
			files = (
			);
			runOnlyForDeploymentPostprocessing = 0;
		};
		F77512BB26332F8200805CD4 /* Resources */ = {
			isa = PBXResourcesBuildPhase;
			buildActionMask = 2147483647;
			files = (
				F77512C826332F8400805CD4 /* Preview Assets.xcassets in Resources */,
				F7CDBB0227332BB200B4D91F /* (null) in Resources */,
				F77512C526332F8400805CD4 /* Assets.xcassets in Resources */,
				F7E9FABE26E7CA58003F4187 /* GoogleService-Info.plist in Resources */,
			);
			runOnlyForDeploymentPostprocessing = 0;
		};
		F77512CC26332F8400805CD4 /* Resources */ = {
			isa = PBXResourcesBuildPhase;
			buildActionMask = 2147483647;
			files = (
			);
			runOnlyForDeploymentPostprocessing = 0;
		};
		F77512D726332F8400805CD4 /* Resources */ = {
			isa = PBXResourcesBuildPhase;
			buildActionMask = 2147483647;
			files = (
			);
			runOnlyForDeploymentPostprocessing = 0;
		};
/* End PBXResourcesBuildPhase section */

/* Begin PBXSourcesBuildPhase section */
		F706047426F3A11B00A9C64D /* Sources */ = {
			isa = PBXSourcesBuildPhase;
			buildActionMask = 2147483647;
			files = (
				F706048926F3A3C300A9C64D /* Autogenerated.swift in Sources */,
				F706048526F3A3B800A9C64D /* UserManager.swift in Sources */,
				F706049126F3A3CD00A9C64D /* CustomerIOErrorUtil.swift in Sources */,
				F706048626F3A3B800A9C64D /* Profile.swift in Sources */,
				F706048F26F3A3CD00A9C64D /* UserDefaultKeys.swift in Sources */,
				F706048726F3A3C300A9C64D /* StringExtensions.swift in Sources */,
				F706048D26F3A3CD00A9C64D /* MessageError.swift in Sources */,
				F706049226F3A3CD00A9C64D /* Logger.swift in Sources */,
				F706048426F3A31B00A9C64D /* AutoDependencyInjection.generated.swift in Sources */,
				F706048C26F3A3CD00A9C64D /* DeveloperError.swift in Sources */,
				F706048A26F3A3C300A9C64D /* AutoLenses.generated.swift in Sources */,
				F706049326F3A3CD00A9C64D /* NotificationUtil.swift in Sources */,
				F706049526F3A3DD00A9C64D /* Env.swift in Sources */,
				F706049426F3A3D200A9C64D /* ProfileViewModel.swift in Sources */,
				F706049026F3A3CD00A9C64D /* ProfileRepository.swift in Sources */,
				F706048B26F3A3C300A9C64D /* DIDependencies.swift in Sources */,
				F706047B26F3A11B00A9C64D /* NotificationService.swift in Sources */,
				F706048E26F3A3CD00A9C64D /* HumanReadableError.swift in Sources */,
				F706048826F3A3C300A9C64D /* AutoMockable.generated.swift in Sources */,
			);
			runOnlyForDeploymentPostprocessing = 0;
		};
		F77512B926332F8200805CD4 /* Sources */ = {
			isa = PBXSourcesBuildPhase;
			buildActionMask = 2147483647;
			files = (
				F7135AFE26D7D89A0072D044 /* Autogenerated.swift in Sources */,
				F7A3960626D7E22C00047DFA /* Env.swift in Sources */,
				F7A3960926D7E71000047DFA /* StringExtensions.swift in Sources */,
				F7135AE126D6E0D80072D044 /* AppDelegateAPN.swift in Sources */,
				F7135AF326D7B8B20072D044 /* MessageError.swift in Sources */,
				F76F020526F2548300F16589 /* UserDefaultKeys.swift in Sources */,
				F77512C326332F8200805CD4 /* ContentView.swift in Sources */,
				F7135AFB26D7D89A0072D044 /* AutoLenses.generated.swift in Sources */,
				F7A3960C26D7F32400047DFA /* Profile.swift in Sources */,
				F74D93E126FE3A4C0037E06C /* AppDelegateFCM.swift in Sources */,
				F7135AEC26D7B5360072D044 /* CustomerIOErrorUtil.swift in Sources */,
				F7135AEF26D7B5D50072D044 /* HumanReadableError.swift in Sources */,
				F7135AF526D7B97B0072D044 /* DeveloperError.swift in Sources */,
				F7135AFD26D7D89A0072D044 /* AutoMockable.generated.swift in Sources */,
				F7135AE626D6E30F0072D044 /* ProfileViewModel.swift in Sources */,
				F7135AE926D7B41A0072D044 /* ProfileRepository.swift in Sources */,
				F77512C126332F8200805CD4 /* RemoteHabitsApp.swift in Sources */,
				F751BAE926DD292B00ACB572 /* ViewExtension.swift in Sources */,
				F7135B0126D7D96F0072D044 /* DIDependencies.swift in Sources */,
				F7135AFC26D7D89A0072D044 /* AutoDependencyInjection.generated.swift in Sources */,
				F76F020326F253CA00F16589 /* UserManager.swift in Sources */,
				F706047326F27F8500A9C64D /* NotificationUtil.swift in Sources */,
				F7135AF126D7B7BE0072D044 /* Logger.swift in Sources */,
			);
			runOnlyForDeploymentPostprocessing = 0;
		};
		F77512CA26332F8400805CD4 /* Sources */ = {
			isa = PBXSourcesBuildPhase;
			buildActionMask = 2147483647;
			files = (
				F77512D326332F8400805CD4 /* Remote_HabitsTests.swift in Sources */,
			);
			runOnlyForDeploymentPostprocessing = 0;
		};
		F77512D526332F8400805CD4 /* Sources */ = {
			isa = PBXSourcesBuildPhase;
			buildActionMask = 2147483647;
			files = (
				F77512DE26332F8400805CD4 /* Remote_HabitsUITests.swift in Sources */,
			);
			runOnlyForDeploymentPostprocessing = 0;
		};
/* End PBXSourcesBuildPhase section */

/* Begin PBXTargetDependency section */
		F706047E26F3A11B00A9C64D /* PBXTargetDependency */ = {
			isa = PBXTargetDependency;
			target = F706047726F3A11B00A9C64D /* Notification Service */;
			targetProxy = F706047D26F3A11B00A9C64D /* PBXContainerItemProxy */;
		};
		F77512D026332F8400805CD4 /* PBXTargetDependency */ = {
			isa = PBXTargetDependency;
			target = F77512BC26332F8200805CD4 /* Remote Habits */;
			targetProxy = F77512CF26332F8400805CD4 /* PBXContainerItemProxy */;
		};
		F77512DB26332F8400805CD4 /* PBXTargetDependency */ = {
			isa = PBXTargetDependency;
			target = F77512BC26332F8200805CD4 /* Remote Habits */;
			targetProxy = F77512DA26332F8400805CD4 /* PBXContainerItemProxy */;
		};
/* End PBXTargetDependency section */

/* Begin XCBuildConfiguration section */
		F706048126F3A11B00A9C64D /* Debug */ = {
			isa = XCBuildConfiguration;
			buildSettings = {
				CODE_SIGN_IDENTITY = "iPhone Developer";
				CODE_SIGN_STYLE = Manual;
				DEVELOPMENT_TEAM = 2YC97BQN3N;
				INFOPLIST_FILE = "Notification Service/Info.plist";
				IPHONEOS_DEPLOYMENT_TARGET = 14.5;
				LD_RUNPATH_SEARCH_PATHS = (
					"$(inherited)",
					"@executable_path/Frameworks",
					"@executable_path/../../Frameworks",
				);
				PRODUCT_BUNDLE_IDENTIFIER = io.customer.remotehabits.richpush;
				PRODUCT_NAME = "$(TARGET_NAME)";
				PROVISIONING_PROFILE_SPECIFIER = "match Development io.customer.remotehabits.richpush";
				SKIP_INSTALL = YES;
				SWIFT_VERSION = 5.0;
				TARGETED_DEVICE_FAMILY = "1,2";
			};
			name = Debug;
		};
		F706048226F3A11B00A9C64D /* Release */ = {
			isa = XCBuildConfiguration;
			buildSettings = {
				CODE_SIGN_IDENTITY = "iPhone Distribution";
				CODE_SIGN_STYLE = Manual;
				DEVELOPMENT_TEAM = 2YC97BQN3N;
				INFOPLIST_FILE = "Notification Service/Info.plist";
				IPHONEOS_DEPLOYMENT_TARGET = 14.5;
				LD_RUNPATH_SEARCH_PATHS = (
					"$(inherited)",
					"@executable_path/Frameworks",
					"@executable_path/../../Frameworks",
				);
				PRODUCT_BUNDLE_IDENTIFIER = io.customer.remotehabits.richpush;
				PRODUCT_NAME = "$(TARGET_NAME)";
				PROVISIONING_PROFILE_SPECIFIER = "match AdHoc io.customer.remotehabits.richpush";
				SKIP_INSTALL = YES;
				SWIFT_VERSION = 5.0;
				TARGETED_DEVICE_FAMILY = "1,2";
			};
			name = Release;
		};
		F77512E026332F8400805CD4 /* Debug */ = {
			isa = XCBuildConfiguration;
			buildSettings = {
				ALWAYS_SEARCH_USER_PATHS = NO;
				CLANG_ANALYZER_NONNULL = YES;
				CLANG_ANALYZER_NUMBER_OBJECT_CONVERSION = YES_AGGRESSIVE;
				CLANG_CXX_LANGUAGE_STANDARD = "gnu++14";
				CLANG_CXX_LIBRARY = "libc++";
				CLANG_ENABLE_MODULES = YES;
				CLANG_ENABLE_OBJC_ARC = YES;
				CLANG_ENABLE_OBJC_WEAK = YES;
				CLANG_WARN_BLOCK_CAPTURE_AUTORELEASING = YES;
				CLANG_WARN_BOOL_CONVERSION = YES;
				CLANG_WARN_COMMA = YES;
				CLANG_WARN_CONSTANT_CONVERSION = YES;
				CLANG_WARN_DEPRECATED_OBJC_IMPLEMENTATIONS = YES;
				CLANG_WARN_DIRECT_OBJC_ISA_USAGE = YES_ERROR;
				CLANG_WARN_DOCUMENTATION_COMMENTS = YES;
				CLANG_WARN_EMPTY_BODY = YES;
				CLANG_WARN_ENUM_CONVERSION = YES;
				CLANG_WARN_INFINITE_RECURSION = YES;
				CLANG_WARN_INT_CONVERSION = YES;
				CLANG_WARN_NON_LITERAL_NULL_CONVERSION = YES;
				CLANG_WARN_OBJC_IMPLICIT_RETAIN_SELF = YES;
				CLANG_WARN_OBJC_LITERAL_CONVERSION = YES;
				CLANG_WARN_OBJC_ROOT_CLASS = YES_ERROR;
				CLANG_WARN_QUOTED_INCLUDE_IN_FRAMEWORK_HEADER = YES;
				CLANG_WARN_RANGE_LOOP_ANALYSIS = YES;
				CLANG_WARN_STRICT_PROTOTYPES = YES;
				CLANG_WARN_SUSPICIOUS_MOVE = YES;
				CLANG_WARN_UNGUARDED_AVAILABILITY = YES_AGGRESSIVE;
				CLANG_WARN_UNREACHABLE_CODE = YES;
				CLANG_WARN__DUPLICATE_METHOD_MATCH = YES;
				COPY_PHASE_STRIP = NO;
				DEBUG_INFORMATION_FORMAT = dwarf;
				ENABLE_STRICT_OBJC_MSGSEND = YES;
				ENABLE_TESTABILITY = YES;
				GCC_C_LANGUAGE_STANDARD = gnu11;
				GCC_DYNAMIC_NO_PIC = NO;
				GCC_NO_COMMON_BLOCKS = YES;
				GCC_OPTIMIZATION_LEVEL = 0;
				GCC_PREPROCESSOR_DEFINITIONS = (
					"DEBUG=1",
					"$(inherited)",
				);
				GCC_WARN_64_TO_32_BIT_CONVERSION = YES;
				GCC_WARN_ABOUT_RETURN_TYPE = YES_ERROR;
				GCC_WARN_UNDECLARED_SELECTOR = YES;
				GCC_WARN_UNINITIALIZED_AUTOS = YES_AGGRESSIVE;
				GCC_WARN_UNUSED_FUNCTION = YES;
				GCC_WARN_UNUSED_VARIABLE = YES;
				IPHONEOS_DEPLOYMENT_TARGET = 14.4;
				MTL_ENABLE_DEBUG_INFO = INCLUDE_SOURCE;
				MTL_FAST_MATH = YES;
				ONLY_ACTIVE_ARCH = YES;
				SDKROOT = iphoneos;
				SWIFT_ACTIVE_COMPILATION_CONDITIONS = DEBUG;
				SWIFT_OPTIMIZATION_LEVEL = "-Onone";
			};
			name = Debug;
		};
		F77512E126332F8400805CD4 /* Release */ = {
			isa = XCBuildConfiguration;
			buildSettings = {
				ALWAYS_SEARCH_USER_PATHS = NO;
				CLANG_ANALYZER_NONNULL = YES;
				CLANG_ANALYZER_NUMBER_OBJECT_CONVERSION = YES_AGGRESSIVE;
				CLANG_CXX_LANGUAGE_STANDARD = "gnu++14";
				CLANG_CXX_LIBRARY = "libc++";
				CLANG_ENABLE_MODULES = YES;
				CLANG_ENABLE_OBJC_ARC = YES;
				CLANG_ENABLE_OBJC_WEAK = YES;
				CLANG_WARN_BLOCK_CAPTURE_AUTORELEASING = YES;
				CLANG_WARN_BOOL_CONVERSION = YES;
				CLANG_WARN_COMMA = YES;
				CLANG_WARN_CONSTANT_CONVERSION = YES;
				CLANG_WARN_DEPRECATED_OBJC_IMPLEMENTATIONS = YES;
				CLANG_WARN_DIRECT_OBJC_ISA_USAGE = YES_ERROR;
				CLANG_WARN_DOCUMENTATION_COMMENTS = YES;
				CLANG_WARN_EMPTY_BODY = YES;
				CLANG_WARN_ENUM_CONVERSION = YES;
				CLANG_WARN_INFINITE_RECURSION = YES;
				CLANG_WARN_INT_CONVERSION = YES;
				CLANG_WARN_NON_LITERAL_NULL_CONVERSION = YES;
				CLANG_WARN_OBJC_IMPLICIT_RETAIN_SELF = YES;
				CLANG_WARN_OBJC_LITERAL_CONVERSION = YES;
				CLANG_WARN_OBJC_ROOT_CLASS = YES_ERROR;
				CLANG_WARN_QUOTED_INCLUDE_IN_FRAMEWORK_HEADER = YES;
				CLANG_WARN_RANGE_LOOP_ANALYSIS = YES;
				CLANG_WARN_STRICT_PROTOTYPES = YES;
				CLANG_WARN_SUSPICIOUS_MOVE = YES;
				CLANG_WARN_UNGUARDED_AVAILABILITY = YES_AGGRESSIVE;
				CLANG_WARN_UNREACHABLE_CODE = YES;
				CLANG_WARN__DUPLICATE_METHOD_MATCH = YES;
				COPY_PHASE_STRIP = NO;
				DEBUG_INFORMATION_FORMAT = "dwarf-with-dsym";
				ENABLE_NS_ASSERTIONS = NO;
				ENABLE_STRICT_OBJC_MSGSEND = YES;
				GCC_C_LANGUAGE_STANDARD = gnu11;
				GCC_NO_COMMON_BLOCKS = YES;
				GCC_WARN_64_TO_32_BIT_CONVERSION = YES;
				GCC_WARN_ABOUT_RETURN_TYPE = YES_ERROR;
				GCC_WARN_UNDECLARED_SELECTOR = YES;
				GCC_WARN_UNINITIALIZED_AUTOS = YES_AGGRESSIVE;
				GCC_WARN_UNUSED_FUNCTION = YES;
				GCC_WARN_UNUSED_VARIABLE = YES;
				IPHONEOS_DEPLOYMENT_TARGET = 14.4;
				MTL_ENABLE_DEBUG_INFO = NO;
				MTL_FAST_MATH = YES;
				SDKROOT = iphoneos;
				SWIFT_COMPILATION_MODE = wholemodule;
				SWIFT_OPTIMIZATION_LEVEL = "-O";
				VALIDATE_PRODUCT = YES;
			};
			name = Release;
		};
		F77512E326332F8400805CD4 /* Debug */ = {
			isa = XCBuildConfiguration;
			buildSettings = {
				ALWAYS_EMBED_SWIFT_STANDARD_LIBRARIES = YES;
				ASSETCATALOG_COMPILER_APPICON_NAME = AppIcon;
				ASSETCATALOG_COMPILER_GLOBAL_ACCENT_COLOR_NAME = AccentColor;
				CODE_SIGN_ENTITLEMENTS = "Remote Habits/Remote Habits.entitlements";
				CODE_SIGN_IDENTITY = "iPhone Developer";
				CODE_SIGN_STYLE = Manual;
				DEBUG_INFORMATION_FORMAT = "dwarf-with-dsym";
				DEVELOPMENT_ASSET_PATHS = "\"Remote Habits/Preview Content\"";
				DEVELOPMENT_TEAM = 2YC97BQN3N;
				ENABLE_PREVIEWS = YES;
				INFOPLIST_FILE = "Remote Habits/Info.plist";
				IPHONEOS_DEPLOYMENT_TARGET = 14.0;
				LD_RUNPATH_SEARCH_PATHS = (
					"$(inherited)",
					"@executable_path/Frameworks",
				);
				OTHER_SWIFT_FLAGS = "";
				PRODUCT_BUNDLE_IDENTIFIER = io.customer.remotehabits;
				PRODUCT_NAME = "$(TARGET_NAME)";
				PROVISIONING_PROFILE_SPECIFIER = "match Development io.customer.remotehabits";
				SWIFT_VERSION = 5.0;
				TARGETED_DEVICE_FAMILY = "1,2";
			};
			name = Debug;
		};
		F77512E426332F8400805CD4 /* Release */ = {
			isa = XCBuildConfiguration;
			buildSettings = {
				ALWAYS_EMBED_SWIFT_STANDARD_LIBRARIES = YES;
				ASSETCATALOG_COMPILER_APPICON_NAME = AppIcon;
				ASSETCATALOG_COMPILER_GLOBAL_ACCENT_COLOR_NAME = AccentColor;
				CODE_SIGN_ENTITLEMENTS = "Remote Habits/Remote Habits.entitlements";
				CODE_SIGN_IDENTITY = "iPhone Distribution";
				CODE_SIGN_STYLE = Manual;
				DEVELOPMENT_ASSET_PATHS = "\"Remote Habits/Preview Content\"";
				DEVELOPMENT_TEAM = 2YC97BQN3N;
				ENABLE_PREVIEWS = YES;
				INFOPLIST_FILE = "Remote Habits/Info.plist";
				IPHONEOS_DEPLOYMENT_TARGET = 14.0;
				LD_RUNPATH_SEARCH_PATHS = (
					"$(inherited)",
					"@executable_path/Frameworks",
				);
				PRODUCT_BUNDLE_IDENTIFIER = io.customer.remotehabits;
				PRODUCT_NAME = "$(TARGET_NAME)";
				PROVISIONING_PROFILE_SPECIFIER = "match AdHoc io.customer.remotehabits";
				SWIFT_VERSION = 5.0;
				TARGETED_DEVICE_FAMILY = "1,2";
			};
			name = Release;
		};
		F77512E626332F8400805CD4 /* Debug */ = {
			isa = XCBuildConfiguration;
			buildSettings = {
				ALWAYS_EMBED_SWIFT_STANDARD_LIBRARIES = YES;
				BUNDLE_LOADER = "$(TEST_HOST)";
				CODE_SIGN_STYLE = Automatic;
				DEVELOPMENT_TEAM = 2YC97BQN3N;
				INFOPLIST_FILE = "Remote HabitsTests/Info.plist";
				IPHONEOS_DEPLOYMENT_TARGET = 14.0;
				LD_RUNPATH_SEARCH_PATHS = (
					"$(inherited)",
					"@executable_path/Frameworks",
					"@loader_path/Frameworks",
				);
				PRODUCT_BUNDLE_IDENTIFIER = "io.customer.Remote-HabitsTests";
				PRODUCT_NAME = "$(TARGET_NAME)";
				SWIFT_VERSION = 5.0;
				TARGETED_DEVICE_FAMILY = "1,2";
				TEST_HOST = "$(BUILT_PRODUCTS_DIR)/Remote Habits.app/Remote Habits";
			};
			name = Debug;
		};
		F77512E726332F8400805CD4 /* Release */ = {
			isa = XCBuildConfiguration;
			buildSettings = {
				ALWAYS_EMBED_SWIFT_STANDARD_LIBRARIES = YES;
				BUNDLE_LOADER = "$(TEST_HOST)";
				CODE_SIGN_STYLE = Automatic;
				DEVELOPMENT_TEAM = 2YC97BQN3N;
				INFOPLIST_FILE = "Remote HabitsTests/Info.plist";
				IPHONEOS_DEPLOYMENT_TARGET = 14.0;
				LD_RUNPATH_SEARCH_PATHS = (
					"$(inherited)",
					"@executable_path/Frameworks",
					"@loader_path/Frameworks",
				);
				PRODUCT_BUNDLE_IDENTIFIER = "io.customer.Remote-HabitsTests";
				PRODUCT_NAME = "$(TARGET_NAME)";
				SWIFT_VERSION = 5.0;
				TARGETED_DEVICE_FAMILY = "1,2";
				TEST_HOST = "$(BUILT_PRODUCTS_DIR)/Remote Habits.app/Remote Habits";
			};
			name = Release;
		};
		F77512E926332F8400805CD4 /* Debug */ = {
			isa = XCBuildConfiguration;
			buildSettings = {
				ALWAYS_EMBED_SWIFT_STANDARD_LIBRARIES = YES;
				CODE_SIGN_STYLE = Automatic;
				DEVELOPMENT_TEAM = 2YC97BQN3N;
				INFOPLIST_FILE = "Remote HabitsUITests/Info.plist";
				LD_RUNPATH_SEARCH_PATHS = (
					"$(inherited)",
					"@executable_path/Frameworks",
					"@loader_path/Frameworks",
				);
				PRODUCT_BUNDLE_IDENTIFIER = "io.customer.Remote-HabitsUITests";
				PRODUCT_NAME = "$(TARGET_NAME)";
				SWIFT_VERSION = 5.0;
				TARGETED_DEVICE_FAMILY = "1,2";
				TEST_TARGET_NAME = "Remote Habits";
			};
			name = Debug;
		};
		F77512EA26332F8400805CD4 /* Release */ = {
			isa = XCBuildConfiguration;
			buildSettings = {
				ALWAYS_EMBED_SWIFT_STANDARD_LIBRARIES = YES;
				CODE_SIGN_STYLE = Automatic;
				DEVELOPMENT_TEAM = 2YC97BQN3N;
				INFOPLIST_FILE = "Remote HabitsUITests/Info.plist";
				LD_RUNPATH_SEARCH_PATHS = (
					"$(inherited)",
					"@executable_path/Frameworks",
					"@loader_path/Frameworks",
				);
				PRODUCT_BUNDLE_IDENTIFIER = "io.customer.Remote-HabitsUITests";
				PRODUCT_NAME = "$(TARGET_NAME)";
				SWIFT_VERSION = 5.0;
				TARGETED_DEVICE_FAMILY = "1,2";
				TEST_TARGET_NAME = "Remote Habits";
			};
			name = Release;
		};
/* End XCBuildConfiguration section */

/* Begin XCConfigurationList section */
		F706048326F3A11B00A9C64D /* Build configuration list for PBXNativeTarget "Notification Service" */ = {
			isa = XCConfigurationList;
			buildConfigurations = (
				F706048126F3A11B00A9C64D /* Debug */,
				F706048226F3A11B00A9C64D /* Release */,
			);
			defaultConfigurationIsVisible = 0;
			defaultConfigurationName = Release;
		};
		F77512B826332F8200805CD4 /* Build configuration list for PBXProject "Remote Habits" */ = {
			isa = XCConfigurationList;
			buildConfigurations = (
				F77512E026332F8400805CD4 /* Debug */,
				F77512E126332F8400805CD4 /* Release */,
			);
			defaultConfigurationIsVisible = 0;
			defaultConfigurationName = Release;
		};
		F77512E226332F8400805CD4 /* Build configuration list for PBXNativeTarget "Remote Habits" */ = {
			isa = XCConfigurationList;
			buildConfigurations = (
				F77512E326332F8400805CD4 /* Debug */,
				F77512E426332F8400805CD4 /* Release */,
			);
			defaultConfigurationIsVisible = 0;
			defaultConfigurationName = Release;
		};
		F77512E526332F8400805CD4 /* Build configuration list for PBXNativeTarget "Remote HabitsTests" */ = {
			isa = XCConfigurationList;
			buildConfigurations = (
				F77512E626332F8400805CD4 /* Debug */,
				F77512E726332F8400805CD4 /* Release */,
			);
			defaultConfigurationIsVisible = 0;
			defaultConfigurationName = Release;
		};
		F77512E826332F8400805CD4 /* Build configuration list for PBXNativeTarget "Remote HabitsUITests" */ = {
			isa = XCConfigurationList;
			buildConfigurations = (
				F77512E926332F8400805CD4 /* Debug */,
				F77512EA26332F8400805CD4 /* Release */,
			);
			defaultConfigurationIsVisible = 0;
			defaultConfigurationName = Release;
		};
/* End XCConfigurationList section */

/* Begin XCRemoteSwiftPackageReference section */
		F7135ADD26D6DE560072D044 /* XCRemoteSwiftPackageReference "customerio-ios" */ = {
			isa = XCRemoteSwiftPackageReference;
			repositoryURL = "https://github.com/customerio/customerio-ios/";
			requirement = {
				kind = exactVersion;
				version = "1.0.0-alpha.23";
			};
		};
		F7E9FABA26E7C564003F4187 /* XCRemoteSwiftPackageReference "firebase-ios-sdk" */ = {
			isa = XCRemoteSwiftPackageReference;
			repositoryURL = "https://github.com/firebase/firebase-ios-sdk.git";
			requirement = {
				kind = upToNextMajorVersion;
				minimumVersion = 8.6.1;
			};
		};
/* End XCRemoteSwiftPackageReference section */

/* Begin XCSwiftPackageProductDependency section */
		F743FEF926F3A46300604456 /* MessagingPushAPN */ = {
			isa = XCSwiftPackageProductDependency;
			package = F7135ADD26D6DE560072D044 /* XCRemoteSwiftPackageReference "customerio-ios" */;
			productName = MessagingPushAPN;
		};
		F743FEFB26F3A46300604456 /* Tracking */ = {
			isa = XCSwiftPackageProductDependency;
			package = F7135ADD26D6DE560072D044 /* XCRemoteSwiftPackageReference "customerio-ios" */;
			productName = Tracking;
		};
		F74D93E226FE3A590037E06C /* MessagingPushFCM */ = {
			isa = XCSwiftPackageProductDependency;
			package = F7135ADD26D6DE560072D044 /* XCRemoteSwiftPackageReference "customerio-ios" */;
			productName = MessagingPushFCM;
		};
		F76F01FE26F1421600F16589 /* MessagingPushAPN */ = {
			isa = XCSwiftPackageProductDependency;
			package = F7135ADD26D6DE560072D044 /* XCRemoteSwiftPackageReference "customerio-ios" */;
			productName = MessagingPushAPN;
		};
		F7D1AD5E26D95E9000FDD423 /* Tracking */ = {
			isa = XCSwiftPackageProductDependency;
			package = F7135ADD26D6DE560072D044 /* XCRemoteSwiftPackageReference "customerio-ios" */;
			productName = Tracking;
		};
		F7E9FABB26E7C564003F4187 /* FirebaseCrashlytics */ = {
			isa = XCSwiftPackageProductDependency;
			package = F7E9FABA26E7C564003F4187 /* XCRemoteSwiftPackageReference "firebase-ios-sdk" */;
			productName = FirebaseCrashlytics;
		};
/* End XCSwiftPackageProductDependency section */
	};
	rootObject = F77512B526332F8200805CD4 /* Project object */;
}
